
Microsoft Visual Studio Solution File, Format Version 12.00
# Visual Studio Version 17
VisualStudioVersion = 17.4.33205.214
MinimumVisualStudioVersion = 10.0.40219.1
Project("{54A90642-561A-4BB1-A94E-469ADEE60C69}") = "frontend", "frontend\frontend.esproj", "{5482A0A0-7D01-4A22-8CC5-9AD3CA3DA0EE}"
EndProject
Project("{9A19103F-16F7-4668-BE54-9A1E7A4F7556}") = "backend", "backend\backend.csproj", "{2A135BAA-A5ED-4A25-B2AD-1FE47056F8A6}"
EndProject
Global
	GlobalSection(SolutionConfigurationPlatforms) = preSolution
		Debug|Any CPU = Debug|Any CPU
		Release|Any CPU = Release|Any CPU
	EndGlobalSection
	GlobalSection(ProjectConfigurationPlatforms) = postSolution
		{5482A0A0-7D01-4A22-8CC5-9AD3CA3DA0EE}.Debug|Any CPU.ActiveCfg = Debug|Any CPU
		{5482A0A0-7D01-4A22-8CC5-9AD3CA3DA0EE}.Debug|Any CPU.Build.0 = Debug|Any CPU
		{5482A0A0-7D01-4A22-8CC5-9AD3CA3DA0EE}.Debug|Any CPU.Deploy.0 = Debug|Any CPU
		{5482A0A0-7D01-4A22-8CC5-9AD3CA3DA0EE}.Release|Any CPU.ActiveCfg = Release|Any CPU
		{5482A0A0-7D01-4A22-8CC5-9AD3CA3DA0EE}.Release|Any CPU.Build.0 = Release|Any CPU
		{5482A0A0-7D01-4A22-8CC5-9AD3CA3DA0EE}.Release|Any CPU.Deploy.0 = Release|Any CPU
		{2A135BAA-A5ED-4A25-B2AD-1FE47056F8A6}.Debug|Any CPU.ActiveCfg = Debug|Any CPU
		{2A135BAA-A5ED-4A25-B2AD-1FE47056F8A6}.Debug|Any CPU.Build.0 = Debug|Any CPU
		{2A135BAA-A5ED-4A25-B2AD-1FE47056F8A6}.Release|Any CPU.ActiveCfg = Release|Any CPU
		{2A135BAA-A5ED-4A25-B2AD-1FE47056F8A6}.Release|Any CPU.Build.0 = Release|Any CPU
	EndGlobalSection
	GlobalSection(SolutionProperties) = preSolution
		HideSolutionNode = FALSE
	EndGlobalSection
	GlobalSection(ExtensibilityGlobals) = postSolution
		SolutionGuid = {543BDE45-C9C3-4638-8B2B-B75E3BCC4B0C}
	EndGlobalSection
EndGlobal
